
Microsoft Visual Studio Solution File, Format Version 12.00
# Visual Studio 15
VisualStudioVersion = 15.0.27428.2011
MinimumVisualStudioVersion = 10.0.40219.1
Project("{FAE04EC0-301F-11D3-BF4B-00C04F79EFBC}") = "PruebaDataSoft", "PruebaDataSoft\PruebaDataSoft.csproj", "{925020AB-F52E-45B9-BAA2-279C3A5C6663}"
EndProject
Global
	GlobalSection(SolutionConfigurationPlatforms) = preSolution
		Debug|Any CPU = Debug|Any CPU
		Release|Any CPU = Release|Any CPU
	EndGlobalSection
	GlobalSection(ProjectConfigurationPlatforms) = postSolution
		{925020AB-F52E-45B9-BAA2-279C3A5C6663}.Debug|Any CPU.ActiveCfg = Debug|Any CPU
		{925020AB-F52E-45B9-BAA2-279C3A5C6663}.Debug|Any CPU.Build.0 = Debug|Any CPU
		{925020AB-F52E-45B9-BAA2-279C3A5C6663}.Release|Any CPU.ActiveCfg = Release|Any CPU
		{925020AB-F52E-45B9-BAA2-279C3A5C6663}.Release|Any CPU.Build.0 = Release|Any CPU
	EndGlobalSection
	GlobalSection(SolutionProperties) = preSolution
		HideSolutionNode = FALSE
	EndGlobalSection
	GlobalSection(ExtensibilityGlobals) = postSolution
		SolutionGuid = {DE36C3FB-6160-40AC-A550-6C4030259489}
	EndGlobalSection
EndGlobal
